
Microsoft Visual Studio Solution File, Format Version 12.00
# Visual Studio Version 17
VisualStudioVersion = 17.7.34018.315
MinimumVisualStudioVersion = 10.0.40219.1
Project("{FAE04EC0-301F-11D3-BF4B-00C04F79EFBC}") = "SupermarketEF", "SupermarketEF.csproj", "{4A64AD04-0629-457A-98A1-C6F203B77706}"
EndProject
Global
	GlobalSection(SolutionConfigurationPlatforms) = preSolution
		Debug|Any CPU = Debug|Any CPU
		Release|Any CPU = Release|Any CPU
	EndGlobalSection
	GlobalSection(ProjectConfigurationPlatforms) = postSolution
		{4A64AD04-0629-457A-98A1-C6F203B77706}.Debug|Any CPU.ActiveCfg = Debug|Any CPU
		{4A64AD04-0629-457A-98A1-C6F203B77706}.Debug|Any CPU.Build.0 = Debug|Any CPU
		{4A64AD04-0629-457A-98A1-C6F203B77706}.Release|Any CPU.ActiveCfg = Release|Any CPU
		{4A64AD04-0629-457A-98A1-C6F203B77706}.Release|Any CPU.Build.0 = Release|Any CPU
	EndGlobalSection
	GlobalSection(SolutionProperties) = preSolution
		HideSolutionNode = FALSE
	EndGlobalSection
	GlobalSection(ExtensibilityGlobals) = postSolution
		SolutionGuid = {42FD067D-0C2C-4C62-ACCF-B5C1804C0522}
	EndGlobalSection
EndGlobal
